
Microsoft Visual Studio Solution File, Format Version 12.00
# Visual Studio Version 16
VisualStudioVersion = 16.0.29411.108
MinimumVisualStudioVersion = 10.0.40219.1
Project("{FAE04EC0-301F-11D3-BF4B-00C04F79EFBC}") = "NoAlloq", "NoAlloq\NoAlloq.csproj", "{D0FFC66C-9E4E-437D-B1E7-20DB1070F2D0}"
EndProject
Project("{FAE04EC0-301F-11D3-BF4B-00C04F79EFBC}") = "NoAlloq.Tests", "NoAlloq.Tests\NoAlloq.Tests.csproj", "{CC13FBF5-617B-4178-BD47-C1F76782A287}"
EndProject
Global
	GlobalSection(SolutionConfigurationPlatforms) = preSolution
		Debug|Any CPU = Debug|Any CPU
		Release|Any CPU = Release|Any CPU
	EndGlobalSection
	GlobalSection(ProjectConfigurationPlatforms) = postSolution
		{D0FFC66C-9E4E-437D-B1E7-20DB1070F2D0}.Debug|Any CPU.ActiveCfg = Debug|Any CPU
		{D0FFC66C-9E4E-437D-B1E7-20DB1070F2D0}.Debug|Any CPU.Build.0 = Debug|Any CPU
		{D0FFC66C-9E4E-437D-B1E7-20DB1070F2D0}.Release|Any CPU.ActiveCfg = Release|Any CPU
		{D0FFC66C-9E4E-437D-B1E7-20DB1070F2D0}.Release|Any CPU.Build.0 = Release|Any CPU
		{CC13FBF5-617B-4178-BD47-C1F76782A287}.Debug|Any CPU.ActiveCfg = Debug|Any CPU
		{CC13FBF5-617B-4178-BD47-C1F76782A287}.Debug|Any CPU.Build.0 = Debug|Any CPU
		{CC13FBF5-617B-4178-BD47-C1F76782A287}.Release|Any CPU.ActiveCfg = Release|Any CPU
		{CC13FBF5-617B-4178-BD47-C1F76782A287}.Release|Any CPU.Build.0 = Release|Any CPU
	EndGlobalSection
	GlobalSection(SolutionProperties) = preSolution
		HideSolutionNode = FALSE
	EndGlobalSection
	GlobalSection(ExtensibilityGlobals) = postSolution
		SolutionGuid = {D2C4EFDC-4561-4DC0-9A74-06C866DCF44C}
	EndGlobalSection
EndGlobal
